// !$*UTF8*$!
{
	archiveVersion = 1;
	classes = {
	};
	objectVersion = 56;
	objects = {

/* Begin PBXBuildFile section */
		310C627B29006DD500F05D39 /* SwiftUIChatApp.swift in Sources */ = {isa = PBXBuildFile; fileRef = 310C627A29006DD500F05D39 /* SwiftUIChatApp.swift */; };
		310C627D29006DD500F05D39 /* ChatView.swift in Sources */ = {isa = PBXBuildFile; fileRef = 310C627C29006DD500F05D39 /* ChatView.swift */; };
		310C627F29006DD600F05D39 /* Assets.xcassets in Resources */ = {isa = PBXBuildFile; fileRef = 310C627E29006DD600F05D39 /* Assets.xcassets */; };
		310C628229006DD600F05D39 /* Preview Assets.xcassets in Resources */ = {isa = PBXBuildFile; fileRef = 310C628129006DD600F05D39 /* Preview Assets.xcassets */; };
		310C628929006F5600F05D39 /* ChatViewModel.swift in Sources */ = {isa = PBXBuildFile; fileRef = 310C628829006F5600F05D39 /* ChatViewModel.swift */; };
		310C628B2900830B00F05D39 /* ChatButton.swift in Sources */ = {isa = PBXBuildFile; fileRef = 310C628A2900830B00F05D39 /* ChatButton.swift */; };
		310C628E29008C0F00F05D39 /* ChatUserInfoView.swift in Sources */ = {isa = PBXBuildFile; fileRef = 310C628D29008C0F00F05D39 /* ChatUserInfoView.swift */; };
		310C629029008C7500F05D39 /* ChatOfferInfoView.swift in Sources */ = {isa = PBXBuildFile; fileRef = 310C628F29008C7500F05D39 /* ChatOfferInfoView.swift */; };
		310C629429008E4A00F05D39 /* ChatMessageView.swift in Sources */ = {isa = PBXBuildFile; fileRef = 310C629329008E4A00F05D39 /* ChatMessageView.swift */; };
		310C629729009C9200F05D39 /* Message.swift in Sources */ = {isa = PBXBuildFile; fileRef = 310C629629009C9200F05D39 /* Message.swift */; };
		310C629B29009FC900F05D39 /* MessagesView.swift in Sources */ = {isa = PBXBuildFile; fileRef = 310C629A29009FC900F05D39 /* MessagesView.swift */; };
		310C629F29017DD100F05D39 /* MessageOfferInfoView.swift in Sources */ = {isa = PBXBuildFile; fileRef = 310C629E29017DD100F05D39 /* MessageOfferInfoView.swift */; };
		310C62A1290181F700F05D39 /* ChatInputField.swift in Sources */ = {isa = PBXBuildFile; fileRef = 310C62A0290181F700F05D39 /* ChatInputField.swift */; };
		310C62A42902021800F05D39 /* BlurProvider.swift in Sources */ = {isa = PBXBuildFile; fileRef = 310C62A32902021700F05D39 /* BlurProvider.swift */; };
		310C62A6290202D800F05D39 /* EditMessageView.swift in Sources */ = {isa = PBXBuildFile; fileRef = 310C62A5290202D800F05D39 /* EditMessageView.swift */; };
		310C62AA2902C63000F05D39 /* ChatFooterView.swift in Sources */ = {isa = PBXBuildFile; fileRef = 310C62A92902C63000F05D39 /* ChatFooterView.swift */; };
		310C62AC2902CF7F00F05D39 /* KeyboardPublisher.swift in Sources */ = {isa = PBXBuildFile; fileRef = 310C62AB2902CF7F00F05D39 /* KeyboardPublisher.swift */; };
/* End PBXBuildFile section */

/* Begin PBXFileReference section */
		310C627729006DD500F05D39 /* SwiftUIChat.app */ = {isa = PBXFileReference; explicitFileType = wrapper.application; includeInIndex = 0; path = SwiftUIChat.app; sourceTree = BUILT_PRODUCTS_DIR; };
		310C627A29006DD500F05D39 /* SwiftUIChatApp.swift */ = {isa = PBXFileReference; lastKnownFileType = sourcecode.swift; path = SwiftUIChatApp.swift; sourceTree = "<group>"; };
		310C627C29006DD500F05D39 /* ChatView.swift */ = {isa = PBXFileReference; lastKnownFileType = sourcecode.swift; path = ChatView.swift; sourceTree = "<group>"; };
		310C627E29006DD600F05D39 /* Assets.xcassets */ = {isa = PBXFileReference; lastKnownFileType = folder.assetcatalog; path = Assets.xcassets; sourceTree = "<group>"; };
		310C628129006DD600F05D39 /* Preview Assets.xcassets */ = {isa = PBXFileReference; lastKnownFileType = folder.assetcatalog; path = "Preview Assets.xcassets"; sourceTree = "<group>"; };
		310C628829006F5600F05D39 /* ChatViewModel.swift */ = {isa = PBXFileReference; lastKnownFileType = sourcecode.swift; path = ChatViewModel.swift; sourceTree = "<group>"; };
		310C628A2900830B00F05D39 /* ChatButton.swift */ = {isa = PBXFileReference; lastKnownFileType = sourcecode.swift; path = ChatButton.swift; sourceTree = "<group>"; };
		310C628D29008C0F00F05D39 /* ChatUserInfoView.swift */ = {isa = PBXFileReference; lastKnownFileType = sourcecode.swift; path = ChatUserInfoView.swift; sourceTree = "<group>"; };
		310C628F29008C7500F05D39 /* ChatOfferInfoView.swift */ = {isa = PBXFileReference; lastKnownFileType = sourcecode.swift; path = ChatOfferInfoView.swift; sourceTree = "<group>"; };
		310C629329008E4A00F05D39 /* ChatMessageView.swift */ = {isa = PBXFileReference; lastKnownFileType = sourcecode.swift; path = ChatMessageView.swift; sourceTree = "<group>"; };
		310C629629009C9200F05D39 /* Message.swift */ = {isa = PBXFileReference; lastKnownFileType = sourcecode.swift; path = Message.swift; sourceTree = "<group>"; };
		310C629A29009FC900F05D39 /* MessagesView.swift */ = {isa = PBXFileReference; lastKnownFileType = sourcecode.swift; path = MessagesView.swift; sourceTree = "<group>"; };
		310C629E29017DD100F05D39 /* MessageOfferInfoView.swift */ = {isa = PBXFileReference; lastKnownFileType = sourcecode.swift; path = MessageOfferInfoView.swift; sourceTree = "<group>"; };
		310C62A0290181F700F05D39 /* ChatInputField.swift */ = {isa = PBXFileReference; lastKnownFileType = sourcecode.swift; path = ChatInputField.swift; sourceTree = "<group>"; };
		310C62A32902021700F05D39 /* BlurProvider.swift */ = {isa = PBXFileReference; lastKnownFileType = sourcecode.swift; path = BlurProvider.swift; sourceTree = "<group>"; };
		310C62A5290202D800F05D39 /* EditMessageView.swift */ = {isa = PBXFileReference; lastKnownFileType = sourcecode.swift; path = EditMessageView.swift; sourceTree = "<group>"; };
		310C62A92902C63000F05D39 /* ChatFooterView.swift */ = {isa = PBXFileReference; lastKnownFileType = sourcecode.swift; path = ChatFooterView.swift; sourceTree = "<group>"; };
		310C62AB2902CF7F00F05D39 /* KeyboardPublisher.swift */ = {isa = PBXFileReference; lastKnownFileType = sourcecode.swift; path = KeyboardPublisher.swift; sourceTree = "<group>"; };
/* End PBXFileReference section */

/* Begin PBXFrameworksBuildPhase section */
		310C627429006DD500F05D39 /* Frameworks */ = {
			isa = PBXFrameworksBuildPhase;
			buildActionMask = 2147483647;
			files = (
			);
			runOnlyForDeploymentPostprocessing = 0;
		};
/* End PBXFrameworksBuildPhase section */

/* Begin PBXGroup section */
		310C626E29006DD500F05D39 = {
			isa = PBXGroup;
			children = (
				310C627929006DD500F05D39 /* SwiftUIChat */,
				310C627829006DD500F05D39 /* Products */,
			);
			sourceTree = "<group>";
		};
		310C627829006DD500F05D39 /* Products */ = {
			isa = PBXGroup;
			children = (
				310C627729006DD500F05D39 /* SwiftUIChat.app */,
			);
			name = Products;
			sourceTree = "<group>";
		};
		310C627929006DD500F05D39 /* SwiftUIChat */ = {
			isa = PBXGroup;
			children = (
				310C627A29006DD500F05D39 /* SwiftUIChatApp.swift */,
				310C629529009C8200F05D39 /* Model level */,
				310C629129008CBE00F05D39 /* Presentation level */,
				310C628C29008BFB00F05D39 /* Views */,
				310C62A2290201F600F05D39 /* Utilites */,
				310C627E29006DD600F05D39 /* Assets.xcassets */,
				310C628029006DD600F05D39 /* Preview Content */,
			);
			path = SwiftUIChat;
			sourceTree = "<group>";
		};
		310C628029006DD600F05D39 /* Preview Content */ = {
			isa = PBXGroup;
			children = (
				310C628129006DD600F05D39 /* Preview Assets.xcassets */,
			);
			path = "Preview Content";
			sourceTree = "<group>";
		};
		310C628C29008BFB00F05D39 /* Views */ = {
			isa = PBXGroup;
			children = (
				310C62A72902C59200F05D39 /* Header */,
				310C629229008D5100F05D39 /* Chat  */,
				310C62A82902C5AC00F05D39 /* Footer */,
				310C628A2900830B00F05D39 /* ChatButton.swift */,
				310C62A0290181F700F05D39 /* ChatInputField.swift */,
				310C62A5290202D800F05D39 /* EditMessageView.swift */,
			);
			path = Views;
			sourceTree = "<group>";
		};
		310C629129008CBE00F05D39 /* Presentation level */ = {
			isa = PBXGroup;
			children = (
				310C628829006F5600F05D39 /* ChatViewModel.swift */,
				310C627C29006DD500F05D39 /* ChatView.swift */,
			);
			path = "Presentation level";
			sourceTree = "<group>";
		};
		310C629229008D5100F05D39 /* Chat  */ = {
			isa = PBXGroup;
			children = (
				310C629329008E4A00F05D39 /* ChatMessageView.swift */,
				310C629A29009FC900F05D39 /* MessagesView.swift */,
				310C629E29017DD100F05D39 /* MessageOfferInfoView.swift */,
			);
			path = "Chat ";
			sourceTree = "<group>";
		};
		310C629529009C8200F05D39 /* Model level */ = {
			isa = PBXGroup;
			children = (
				310C629629009C9200F05D39 /* Message.swift */,
			);
			path = "Model level";
			sourceTree = "<group>";
		};
		310C62A2290201F600F05D39 /* Utilites */ = {
			isa = PBXGroup;
			children = (
				310C62A32902021700F05D39 /* BlurProvider.swift */,
				310C62AB2902CF7F00F05D39 /* KeyboardPublisher.swift */,
			);
			path = Utilites;
			sourceTree = "<group>";
		};
		310C62A72902C59200F05D39 /* Header */ = {
			isa = PBXGroup;
			children = (
				310C628D29008C0F00F05D39 /* ChatUserInfoView.swift */,
				310C628F29008C7500F05D39 /* ChatOfferInfoView.swift */,
			);
			path = Header;
			sourceTree = "<group>";
		};
		310C62A82902C5AC00F05D39 /* Footer */ = {
			isa = PBXGroup;
			children = (
				310C62A92902C63000F05D39 /* ChatFooterView.swift */,
			);
			path = Footer;
			sourceTree = "<group>";
		};
/* End PBXGroup section */

/* Begin PBXNativeTarget section */
		310C627629006DD500F05D39 /* SwiftUIChat */ = {
			isa = PBXNativeTarget;
			buildConfigurationList = 310C628529006DD600F05D39 /* Build configuration list for PBXNativeTarget "SwiftUIChat" */;
			buildPhases = (
				310C627329006DD500F05D39 /* Sources */,
				310C627429006DD500F05D39 /* Frameworks */,
				310C627529006DD500F05D39 /* Resources */,
			);
			buildRules = (
			);
			dependencies = (
			);
			name = SwiftUIChat;
			productName = SwiftUIChat;
			productReference = 310C627729006DD500F05D39 /* SwiftUIChat.app */;
			productType = "com.apple.product-type.application";
		};
/* End PBXNativeTarget section */

/* Begin PBXProject section */
		310C626F29006DD500F05D39 /* Project object */ = {
			isa = PBXProject;
			attributes = {
				BuildIndependentTargetsInParallel = 1;
				LastSwiftUpdateCheck = 1400;
				LastUpgradeCheck = 1400;
				TargetAttributes = {
					310C627629006DD500F05D39 = {
						CreatedOnToolsVersion = 14.0.1;
					};
				};
			};
			buildConfigurationList = 310C627229006DD500F05D39 /* Build configuration list for PBXProject "SwiftUIChat" */;
			compatibilityVersion = "Xcode 14.0";
			developmentRegion = en;
			hasScannedForEncodings = 0;
			knownRegions = (
				en,
				Base,
			);
			mainGroup = 310C626E29006DD500F05D39;
			productRefGroup = 310C627829006DD500F05D39 /* Products */;
			projectDirPath = "";
			projectRoot = "";
			targets = (
				310C627629006DD500F05D39 /* SwiftUIChat */,
			);
		};
/* End PBXProject section */

/* Begin PBXResourcesBuildPhase section */
		310C627529006DD500F05D39 /* Resources */ = {
			isa = PBXResourcesBuildPhase;
			buildActionMask = 2147483647;
			files = (
				310C628229006DD600F05D39 /* Preview Assets.xcassets in Resources */,
				310C627F29006DD600F05D39 /* Assets.xcassets in Resources */,
			);
			runOnlyForDeploymentPostprocessing = 0;
		};
/* End PBXResourcesBuildPhase section */

/* Begin PBXSourcesBuildPhase section */
		310C627329006DD500F05D39 /* Sources */ = {
			isa = PBXSourcesBuildPhase;
			buildActionMask = 2147483647;
			files = (
				310C629B29009FC900F05D39 /* MessagesView.swift in Sources */,
				310C62A1290181F700F05D39 /* ChatInputField.swift in Sources */,
				310C629429008E4A00F05D39 /* ChatMessageView.swift in Sources */,
				310C62A6290202D800F05D39 /* EditMessageView.swift in Sources */,
				310C627D29006DD500F05D39 /* ChatView.swift in Sources */,
				310C629F29017DD100F05D39 /* MessageOfferInfoView.swift in Sources */,
				310C629029008C7500F05D39 /* ChatOfferInfoView.swift in Sources */,
				310C62AC2902CF7F00F05D39 /* KeyboardPublisher.swift in Sources */,
				310C62A42902021800F05D39 /* BlurProvider.swift in Sources */,
				310C628929006F5600F05D39 /* ChatViewModel.swift in Sources */,
				310C628E29008C0F00F05D39 /* ChatUserInfoView.swift in Sources */,
				310C629729009C9200F05D39 /* Message.swift in Sources */,
				310C627B29006DD500F05D39 /* SwiftUIChatApp.swift in Sources */,
				310C628B2900830B00F05D39 /* ChatButton.swift in Sources */,
				310C62AA2902C63000F05D39 /* ChatFooterView.swift in Sources */,
			);
			runOnlyForDeploymentPostprocessing = 0;
		};
/* End PBXSourcesBuildPhase section */

/* Begin XCBuildConfiguration section */
		310C628329006DD600F05D39 /* Debug */ = {
			isa = XCBuildConfiguration;
			buildSettings = {
				ALWAYS_SEARCH_USER_PATHS = NO;
				CLANG_ANALYZER_NONNULL = YES;
				CLANG_ANALYZER_NUMBER_OBJECT_CONVERSION = YES_AGGRESSIVE;
				CLANG_CXX_LANGUAGE_STANDARD = "gnu++20";
				CLANG_ENABLE_MODULES = YES;
				CLANG_ENABLE_OBJC_ARC = YES;
				CLANG_ENABLE_OBJC_WEAK = YES;
				CLANG_WARN_BLOCK_CAPTURE_AUTORELEASING = YES;
				CLANG_WARN_BOOL_CONVERSION = YES;
				CLANG_WARN_COMMA = YES;
				CLANG_WARN_CONSTANT_CONVERSION = YES;
				CLANG_WARN_DEPRECATED_OBJC_IMPLEMENTATIONS = YES;
				CLANG_WARN_DIRECT_OBJC_ISA_USAGE = YES_ERROR;
				CLANG_WARN_DOCUMENTATION_COMMENTS = YES;
				CLANG_WARN_EMPTY_BODY = YES;
				CLANG_WARN_ENUM_CONVERSION = YES;
				CLANG_WARN_INFINITE_RECURSION = YES;
				CLANG_WARN_INT_CONVERSION = YES;
				CLANG_WARN_NON_LITERAL_NULL_CONVERSION = YES;
				CLANG_WARN_OBJC_IMPLICIT_RETAIN_SELF = YES;
				CLANG_WARN_OBJC_LITERAL_CONVERSION = YES;
				CLANG_WARN_OBJC_ROOT_CLASS = YES_ERROR;
				CLANG_WARN_QUOTED_INCLUDE_IN_FRAMEWORK_HEADER = YES;
				CLANG_WARN_RANGE_LOOP_ANALYSIS = YES;
				CLANG_WARN_STRICT_PROTOTYPES = YES;
				CLANG_WARN_SUSPICIOUS_MOVE = YES;
				CLANG_WARN_UNGUARDED_AVAILABILITY = YES_AGGRESSIVE;
				CLANG_WARN_UNREACHABLE_CODE = YES;
				CLANG_WARN__DUPLICATE_METHOD_MATCH = YES;
				COPY_PHASE_STRIP = NO;
				DEBUG_INFORMATION_FORMAT = dwarf;
				ENABLE_STRICT_OBJC_MSGSEND = YES;
				ENABLE_TESTABILITY = YES;
				GCC_C_LANGUAGE_STANDARD = gnu11;
				GCC_DYNAMIC_NO_PIC = NO;
				GCC_NO_COMMON_BLOCKS = YES;
				GCC_OPTIMIZATION_LEVEL = 0;
				GCC_PREPROCESSOR_DEFINITIONS = (
					"DEBUG=1",
					"$(inherited)",
				);
				GCC_WARN_64_TO_32_BIT_CONVERSION = YES;
				GCC_WARN_ABOUT_RETURN_TYPE = YES_ERROR;
				GCC_WARN_UNDECLARED_SELECTOR = YES;
				GCC_WARN_UNINITIALIZED_AUTOS = YES_AGGRESSIVE;
				GCC_WARN_UNUSED_FUNCTION = YES;
				GCC_WARN_UNUSED_VARIABLE = YES;
				IPHONEOS_DEPLOYMENT_TARGET = 16.0;
				MTL_ENABLE_DEBUG_INFO = INCLUDE_SOURCE;
				MTL_FAST_MATH = YES;
				ONLY_ACTIVE_ARCH = YES;
				SDKROOT = iphoneos;
				SWIFT_ACTIVE_COMPILATION_CONDITIONS = DEBUG;
				SWIFT_OPTIMIZATION_LEVEL = "-Onone";
			};
			name = Debug;
		};
		310C628429006DD600F05D39 /* Release */ = {
			isa = XCBuildConfiguration;
			buildSettings = {
				ALWAYS_SEARCH_USER_PATHS = NO;
				CLANG_ANALYZER_NONNULL = YES;
				CLANG_ANALYZER_NUMBER_OBJECT_CONVERSION = YES_AGGRESSIVE;
				CLANG_CXX_LANGUAGE_STANDARD = "gnu++20";
				CLANG_ENABLE_MODULES = YES;
				CLANG_ENABLE_OBJC_ARC = YES;
				CLANG_ENABLE_OBJC_WEAK = YES;
				CLANG_WARN_BLOCK_CAPTURE_AUTORELEASING = YES;
				CLANG_WARN_BOOL_CONVERSION = YES;
				CLANG_WARN_COMMA = YES;
				CLANG_WARN_CONSTANT_CONVERSION = YES;
				CLANG_WARN_DEPRECATED_OBJC_IMPLEMENTATIONS = YES;
				CLANG_WARN_DIRECT_OBJC_ISA_USAGE = YES_ERROR;
				CLANG_WARN_DOCUMENTATION_COMMENTS = YES;
				CLANG_WARN_EMPTY_BODY = YES;
				CLANG_WARN_ENUM_CONVERSION = YES;
				CLANG_WARN_INFINITE_RECURSION = YES;
				CLANG_WARN_INT_CONVERSION = YES;
				CLANG_WARN_NON_LITERAL_NULL_CONVERSION = YES;
				CLANG_WARN_OBJC_IMPLICIT_RETAIN_SELF = YES;
				CLANG_WARN_OBJC_LITERAL_CONVERSION = YES;
				CLANG_WARN_OBJC_ROOT_CLASS = YES_ERROR;
				CLANG_WARN_QUOTED_INCLUDE_IN_FRAMEWORK_HEADER = YES;
				CLANG_WARN_RANGE_LOOP_ANALYSIS = YES;
				CLANG_WARN_STRICT_PROTOTYPES = YES;
				CLANG_WARN_SUSPICIOUS_MOVE = YES;
				CLANG_WARN_UNGUARDED_AVAILABILITY = YES_AGGRESSIVE;
				CLANG_WARN_UNREACHABLE_CODE = YES;
				CLANG_WARN__DUPLICATE_METHOD_MATCH = YES;
				COPY_PHASE_STRIP = NO;
				DEBUG_INFORMATION_FORMAT = "dwarf-with-dsym";
				ENABLE_NS_ASSERTIONS = NO;
				ENABLE_STRICT_OBJC_MSGSEND = YES;
				GCC_C_LANGUAGE_STANDARD = gnu11;
				GCC_NO_COMMON_BLOCKS = YES;
				GCC_WARN_64_TO_32_BIT_CONVERSION = YES;
				GCC_WARN_ABOUT_RETURN_TYPE = YES_ERROR;
				GCC_WARN_UNDECLARED_SELECTOR = YES;
				GCC_WARN_UNINITIALIZED_AUTOS = YES_AGGRESSIVE;
				GCC_WARN_UNUSED_FUNCTION = YES;
				GCC_WARN_UNUSED_VARIABLE = YES;
				IPHONEOS_DEPLOYMENT_TARGET = 16.0;
				MTL_ENABLE_DEBUG_INFO = NO;
				MTL_FAST_MATH = YES;
				SDKROOT = iphoneos;
				SWIFT_COMPILATION_MODE = wholemodule;
				SWIFT_OPTIMIZATION_LEVEL = "-O";
				VALIDATE_PRODUCT = YES;
			};
			name = Release;
		};
		310C628629006DD600F05D39 /* Debug */ = {
			isa = XCBuildConfiguration;
			buildSettings = {
				ASSETCATALOG_COMPILER_APPICON_NAME = AppIcon;
				ASSETCATALOG_COMPILER_GLOBAL_ACCENT_COLOR_NAME = AccentColor;
				CODE_SIGN_STYLE = Automatic;
				CURRENT_PROJECT_VERSION = 1;
				DEVELOPMENT_ASSET_PATHS = "\"SwiftUIChat/Preview Content\"";
				DEVELOPMENT_TEAM = SN4SL7RA5X;
				ENABLE_PREVIEWS = YES;
				GENERATE_INFOPLIST_FILE = YES;
				INFOPLIST_KEY_UIApplicationSceneManifest_Generation = YES;
				INFOPLIST_KEY_UIApplicationSupportsIndirectInputEvents = YES;
				INFOPLIST_KEY_UILaunchScreen_Generation = YES;
				INFOPLIST_KEY_UISupportedInterfaceOrientations_iPad = "UIInterfaceOrientationPortrait UIInterfaceOrientationPortraitUpsideDown UIInterfaceOrientationLandscapeLeft UIInterfaceOrientationLandscapeRight";
				INFOPLIST_KEY_UISupportedInterfaceOrientations_iPhone = "UIInterfaceOrientationPortrait UIInterfaceOrientationLandscapeLeft UIInterfaceOrientationLandscapeRight";
				LD_RUNPATH_SEARCH_PATHS = (
					"$(inherited)",
					"@executable_path/Frameworks",
				);
				MARKETING_VERSION = 1.0;
				PRODUCT_BUNDLE_IDENTIFIER = KirylMikhailovich.SwiftUIChat;
				PRODUCT_NAME = "$(TARGET_NAME)";
				SWIFT_EMIT_LOC_STRINGS = YES;
				SWIFT_VERSION = 5.0;
				TARGETED_DEVICE_FAMILY = "1,2";
			};
			name = Debug;
		};
		310C628729006DD600F05D39 /* Release */ = {
			isa = XCBuildConfiguration;
			buildSettings = {
				ASSETCATALOG_COMPILER_APPICON_NAME = AppIcon;
				ASSETCATALOG_COMPILER_GLOBAL_ACCENT_COLOR_NAME = AccentColor;
				CODE_SIGN_STYLE = Automatic;
				CURRENT_PROJECT_VERSION = 1;
				DEVELOPMENT_ASSET_PATHS = "\"SwiftUIChat/Preview Content\"";
				DEVELOPMENT_TEAM = SN4SL7RA5X;
				ENABLE_PREVIEWS = YES;
				GENERATE_INFOPLIST_FILE = YES;
				INFOPLIST_KEY_UIApplicationSceneManifest_Generation = YES;
				INFOPLIST_KEY_UIApplicationSupportsIndirectInputEvents = YES;
				INFOPLIST_KEY_UILaunchScreen_Generation = YES;
				INFOPLIST_KEY_UISupportedInterfaceOrientations_iPad = "UIInterfaceOrientationPortrait UIInterfaceOrientationPortraitUpsideDown UIInterfaceOrientationLandscapeLeft UIInterfaceOrientationLandscapeRight";
				INFOPLIST_KEY_UISupportedInterfaceOrientations_iPhone = "UIInterfaceOrientationPortrait UIInterfaceOrientationLandscapeLeft UIInterfaceOrientationLandscapeRight";
				LD_RUNPATH_SEARCH_PATHS = (
					"$(inherited)",
					"@executable_path/Frameworks",
				);
				MARKETING_VERSION = 1.0;
				PRODUCT_BUNDLE_IDENTIFIER = KirylMikhailovich.SwiftUIChat;
				PRODUCT_NAME = "$(TARGET_NAME)";
				SWIFT_EMIT_LOC_STRINGS = YES;
				SWIFT_VERSION = 5.0;
				TARGETED_DEVICE_FAMILY = "1,2";
			};
			name = Release;
		};
/* End XCBuildConfiguration section */

/* Begin XCConfigurationList section */
		310C627229006DD500F05D39 /* Build configuration list for PBXProject "SwiftUIChat" */ = {
			isa = XCConfigurationList;
			buildConfigurations = (
				310C628329006DD600F05D39 /* Debug */,
				310C628429006DD600F05D39 /* Release */,
			);
			defaultConfigurationIsVisible = 0;
			defaultConfigurationName = Release;
		};
		310C628529006DD600F05D39 /* Build configuration list for PBXNativeTarget "SwiftUIChat" */ = {
			isa = XCConfigurationList;
			buildConfigurations = (
				310C628629006DD600F05D39 /* Debug */,
				310C628729006DD600F05D39 /* Release */,
			);
			defaultConfigurationIsVisible = 0;
			defaultConfigurationName = Release;
		};
/* End XCConfigurationList section */
	};
	rootObject = 310C626F29006DD500F05D39 /* Project object */;
}
